version = 1
revision = 3
requires-python = ">=3.14"

[[package]]
name = "dbus-fast"
version = "4.0.4"
source = { registry = "https://pypi.org/simple" }
sdist = { url = "https://files.pythonhosted.org/packages/5f/cd/402b0e524bdf37d8b1d22b1d926c538bf1d2eedf115ea1d401c6c08a7d81/dbus_fast-4.0.4.tar.gz", hash = "sha256:43137f0b73a7adbf7d5c0e9eb9d8d34df9e6e0aeafade2166e641c52dfe0a853", size = 75260, upload-time = "2026-04-02T04:41:16.47Z" }
wheels = [
    { url = "https://files.pythonhosted.org/packages/d3/d9/9af5a38ab9d04054b9e466332ed92d921da7a8166146a2c9e95936f7bed5/dbus_fast-4.0.4-cp314-cp314-macosx_11_0_arm64.whl", hash = "sha256:3564c8a756903a6edf01ceb4dd4927354f03b40a28f000e2b896f02a784e9301", size = 683781, upload-time = "2026-04-02T04:50:18.781Z" },
    { url = "https://files.pythonhosted.org/packages/e0/ec/22c8904c1f3ecaee2012dfb1eb05d0481bedfaea80f27eab66d120f80b37/dbus_fast-4.0.4-cp314-cp314-manylinux2014_aarch64.manylinux_2_17_aarch64.manylinux_2_28_aarch64.whl", hash = "sha256:0c3a8c07d672b1656a9c7cbdc9a85f493602f72fce8e7f9d97c5e972fa22a684", size = 804433, upload-time = "2026-04-02T04:50:20.747Z" },
    { url = "https://files.pythonhosted.org/packages/1d/e9/4b3eabb25886f33218b96c7a0e2cd684a50932e00d951aae0181075d5217/dbus_fast-4.0.4-cp314-cp314-manylinux2014_x86_64.manylinux_2_17_x86_64.manylinux_2_28_x86_64.whl", hash = "sha256:5512b9901ba600f1efdae2555ea18da2b67a46e5c24e397edb38ecbbde4aa43f", size = 846351, upload-time = "2026-04-02T04:50:22.9Z" },
    { url = "https://files.pythonhosted.org/packages/4b/bc/a8330670389de2b69e7fb43b20ad08f0c3614f7d4a3a6cc9cbfcf72555fb/dbus_fast-4.0.4-cp314-cp314-manylinux_2_41_x86_64.whl", hash = "sha256:36f86ba826f05c4d238c9198ae962f90a9cd27ffacd3a4a988166b3d06c699ca", size = 844513, upload-time = "2026-04-02T04:41:15.087Z" },
    { url = "https://files.pythonhosted.org/packages/ea/54/11a6f5cd13e67d30056651a6324b620f621a6980c1fc872fed3d1acdd1a0/dbus_fast-4.0.4-cp314-cp314-musllinux_1_2_aarch64.whl", hash = "sha256:df0f88a9c1c9f9365627fbfb3dcae3589a12fdc82594945832cb24d9a62674d1", size = 811253, upload-time = "2026-04-02T04:50:24.615Z" },
    { url = "https://files.pythonhosted.org/packages/f2/bd/30c204bdd0a779cf46f3a4faad5cb62c9bd42a22ebcb89caffecf488493d/dbus_fast-4.0.4-cp314-cp314-musllinux_1_2_x86_64.whl", hash = "sha256:4c6c8722e829b8e750fd6db2906b298d3bcfc32d8cdf766e50ba474ef48bf2af", size = 853231, upload-time = "2026-04-02T04:50:26.239Z" },
    { url = "https://files.pythonhosted.org/packages/ee/0e/10248b27cfb5009bc11010d95abdee4e881ff8081e2174642ce2a1d5ecaf/dbus_fast-4.0.4-cp314-cp314t-macosx_11_0_arm64.whl", hash = "sha256:8a515e8de0e5971e64a3f49fad2e536b6d2167a9f489e597baf7c802cfb7eef3", size = 1342087, upload-time = "2026-04-02T04:50:28.305Z" },
    { url = "https://files.pythonhosted.org/packages/74/73/af9794109638e38d59ea1ecbf18c4dea25f802debffc285504a6ebc81b2c/dbus_fast-4.0.4-cp314-cp314t-manylinux2014_aarch64.manylinux_2_17_aarch64.manylinux_2_28_aarch64.whl", hash = "sha256:ad5240c29ec631f9610e03a6bbf4f4c22274e04ea8791e8401542cd6cdbd7b28", size = 1534429, upload-time = "2026-04-02T04:50:29.998Z" },
    { url = "https://files.pythonhosted.org/packages/82/3d/a033cc655a3a32ee145f575cd05066cf5bed71e24238947d77fb9597c905/dbus_fast-4.0.4-cp314-cp314t-manylinux2014_x86_64.manylinux_2_17_x86_64.manylinux_2_28_x86_64.whl", hash = "sha256:5843c3e543ac1d48cafff67394ada9e568f20d122b44408e378ae43402b785ca", size = 1610602, upload-time = "2026-04-02T04:50:32.146Z" },
    { url = "https://files.pythonhosted.org/packages/4a/46/2834b825da3f6ef206f5bc55363bc8751addcfc03fa34c639f72006f6a3e/dbus_fast-4.0.4-cp314-cp314t-musllinux_1_2_aarch64.whl", hash = "sha256:7ebb845f2e15ef19f4a99cb879dfbcb1c7028a97d5aaba93b36f65cfd938a022", size = 1550136, upload-time = "2026-04-02T04:50:34.311Z" },
    { url = "https://files.pythonhosted.org/packages/9e/01/894b2f6954d12c5c527232906d67272b59f0f12f386cd2d394d5e5eac7fc/dbus_fast-4.0.4-cp314-cp314t-musllinux_1_2_x86_64.whl", hash = "sha256:698fe83128150dd49aaa7deb5493523309f0a9749c3c075730a6981851607455", size = 1627660, upload-time = "2026-04-02T04:50:36.5Z" },
]

[[package]]
name = "robot"
version = "0.1.0"
source = { virtual = "." }
dependencies = [
    { name = "dbus-fast" },
]

[package.dev-dependencies]
dev = [
    { name = "stickytape" },
]

[package.metadata]
requires-dist = [{ name = "dbus-fast", specifier = ">=4.0.4" }]

[package.metadata.requires-dev]
dev = [{ name = "stickytape", specifier = ">=0.2.1" }]

[[package]]
name = "stickytape"
version = "0.2.1"
source = { registry = "https://pypi.org/simple" }
sdist = { url = "https://files.pythonhosted.org/packages/61/8c/59e35d7b75129ad81544c40922b13a9cfff111b67a4e01829044e1080dad/stickytape-0.2.1.tar.gz", hash = "sha256:9bbdd5dabed633ffde36bb7f656ee0cb55aeae9f87d9c95e377a06bf1ba7df8d", size = 6301, upload-time = "2021-01-29T21:34:07.625Z" }
wheels = [
    { url = "https://files.pythonhosted.org/packages/18/20/d44f0e1acbabcd805e3165d143a37cfd575793082635f62a2180524be180/stickytape-0.2.1-py3-none-any.whl", hash = "sha256:66046dedac42484a352d87c12bc4272e4e222260a41f6e1fcbb29876c018e543", size = 8055, upload-time = "2021-01-29T21:34:09.797Z" },
]
